
Microsoft Visual Studio Solution File, Format Version 12.00
# Visual Studio Version 16
VisualStudioVersion = 16.0.28803.156
MinimumVisualStudioVersion = 10.0.40219.1
Project("{9A19103F-16F7-4668-BE54-9A1E7A4F7556}") = "Questar.OneRoster.App", "Questar.OneRoster.App\Questar.OneRoster.App.csproj", "{8E07FAD9-4E9E-4E00-910B-01E846ED75F7}"
EndProject
Project("{9A19103F-16F7-4668-BE54-9A1E7A4F7556}") = "Questar.OneRoster", "Questar.OneRoster\Questar.OneRoster.csproj", "{E04ECA1C-37F6-40BC-8A71-8838D19615D3}"
EndProject
Project("{9A19103F-16F7-4668-BE54-9A1E7A4F7556}") = "Questar.OneRoster.ApiClient", "Questar.OneRoster.ApiClient\Questar.OneRoster.ApiClient.csproj", "{E3E167FE-74B7-45BF-BA70-43DBD9E263F1}"
EndProject
Project("{2150E333-8FDC-42A3-9474-1A3956D46DE8}") = "Solution Items", "Solution Items", "{EC1CCE21-CB53-4BA5-8B70-2F06A8FAFEF2}"
	ProjectSection(SolutionItems) = preProject
		..\.gitignore = ..\.gitignore
	EndProjectSection
EndProject
Project("{2150E333-8FDC-42A3-9474-1A3956D46DE8}") = "Tests", "Tests", "{F3419DBB-B068-48B3-90D1-79C43356A349}"
EndProject
Project("{9A19103F-16F7-4668-BE54-9A1E7A4F7556}") = "Questar.OneRoster.Test", "Questar.OneRoster.Test\Questar.OneRoster.Test.csproj", "{7CDDE29F-6671-4E9B-AF0B-6FCD4C00CABA}"
EndProject
Project("{9A19103F-16F7-4668-BE54-9A1E7A4F7556}") = "Questar.OneRoster.Data", "Questar.OneRoster.Data\Questar.OneRoster.Data.csproj", "{10B775E0-19E7-449C-A058-61EDD664EBF5}"
EndProject
Project("{9A19103F-16F7-4668-BE54-9A1E7A4F7556}") = "Questar.OneRoster.Api", "Questar.OneRoster.Api\Questar.OneRoster.Api.csproj", "{7EC7338F-19ED-45F0-A20A-DE85B5DD0CC5}"
EndProject
Project("{9A19103F-16F7-4668-BE54-9A1E7A4F7556}") = "Questar.OneRoster.DataServices", "Questar.OneRoster.DataServices\Questar.OneRoster.DataServices.csproj", "{97323457-6DE2-4FEC-A876-89525AFC0714}"
EndProject
Project("{9A19103F-16F7-4668-BE54-9A1E7A4F7556}") = "Questar.OneRoster.DataServices.EntityFrameworkCore", "Questar.OneRoster.DataServices.EntityFrameworkCore\Questar.OneRoster.DataServices.EntityFrameworkCore.csproj", "{A79E1022-03D0-45BB-B01B-370FF815A539}"
EndProject
Project("{2150E333-8FDC-42A3-9474-1A3956D46DE8}") = "Examples", "Examples", "{A0F720C3-CEAC-49D5-937D-0787A8DC00FD}"
EndProject
Project("{9A19103F-16F7-4668-BE54-9A1E7A4F7556}") = "Questar.OneRoster.DataGenerator", "Questar.OneRoster.DataGenerator\Questar.OneRoster.DataGenerator.csproj", "{5CF3C23A-6FD9-466B-BCBB-42FE34F07C09}"
EndProject
Global
	GlobalSection(SolutionConfigurationPlatforms) = preSolution
		Debug|Any CPU = Debug|Any CPU
		Release|Any CPU = Release|Any CPU
	EndGlobalSection
	GlobalSection(ProjectConfigurationPlatforms) = postSolution
		{8E07FAD9-4E9E-4E00-910B-01E846ED75F7}.Debug|Any CPU.ActiveCfg = Debug|Any CPU
		{8E07FAD9-4E9E-4E00-910B-01E846ED75F7}.Debug|Any CPU.Build.0 = Debug|Any CPU
		{8E07FAD9-4E9E-4E00-910B-01E846ED75F7}.Release|Any CPU.ActiveCfg = Release|Any CPU
		{8E07FAD9-4E9E-4E00-910B-01E846ED75F7}.Release|Any CPU.Build.0 = Release|Any CPU
		{E04ECA1C-37F6-40BC-8A71-8838D19615D3}.Debug|Any CPU.ActiveCfg = Debug|Any CPU
		{E04ECA1C-37F6-40BC-8A71-8838D19615D3}.Debug|Any CPU.Build.0 = Debug|Any CPU
		{E04ECA1C-37F6-40BC-8A71-8838D19615D3}.Release|Any CPU.ActiveCfg = Release|Any CPU
		{E04ECA1C-37F6-40BC-8A71-8838D19615D3}.Release|Any CPU.Build.0 = Release|Any CPU
		{E3E167FE-74B7-45BF-BA70-43DBD9E263F1}.Debug|Any CPU.ActiveCfg = Debug|Any CPU
		{E3E167FE-74B7-45BF-BA70-43DBD9E263F1}.Debug|Any CPU.Build.0 = Debug|Any CPU
		{E3E167FE-74B7-45BF-BA70-43DBD9E263F1}.Release|Any CPU.ActiveCfg = Release|Any CPU
		{E3E167FE-74B7-45BF-BA70-43DBD9E263F1}.Release|Any CPU.Build.0 = Release|Any CPU
		{7CDDE29F-6671-4E9B-AF0B-6FCD4C00CABA}.Debug|Any CPU.ActiveCfg = Debug|Any CPU
		{7CDDE29F-6671-4E9B-AF0B-6FCD4C00CABA}.Debug|Any CPU.Build.0 = Debug|Any CPU
		{7CDDE29F-6671-4E9B-AF0B-6FCD4C00CABA}.Release|Any CPU.ActiveCfg = Release|Any CPU
		{7CDDE29F-6671-4E9B-AF0B-6FCD4C00CABA}.Release|Any CPU.Build.0 = Release|Any CPU
		{10B775E0-19E7-449C-A058-61EDD664EBF5}.Debug|Any CPU.ActiveCfg = Debug|Any CPU
		{10B775E0-19E7-449C-A058-61EDD664EBF5}.Debug|Any CPU.Build.0 = Debug|Any CPU
		{10B775E0-19E7-449C-A058-61EDD664EBF5}.Release|Any CPU.ActiveCfg = Release|Any CPU
		{10B775E0-19E7-449C-A058-61EDD664EBF5}.Release|Any CPU.Build.0 = Release|Any CPU
		{7EC7338F-19ED-45F0-A20A-DE85B5DD0CC5}.Debug|Any CPU.ActiveCfg = Debug|Any CPU
		{7EC7338F-19ED-45F0-A20A-DE85B5DD0CC5}.Debug|Any CPU.Build.0 = Debug|Any CPU
		{7EC7338F-19ED-45F0-A20A-DE85B5DD0CC5}.Release|Any CPU.ActiveCfg = Release|Any CPU
		{7EC7338F-19ED-45F0-A20A-DE85B5DD0CC5}.Release|Any CPU.Build.0 = Release|Any CPU
		{97323457-6DE2-4FEC-A876-89525AFC0714}.Debug|Any CPU.ActiveCfg = Debug|Any CPU
		{97323457-6DE2-4FEC-A876-89525AFC0714}.Debug|Any CPU.Build.0 = Debug|Any CPU
		{97323457-6DE2-4FEC-A876-89525AFC0714}.Release|Any CPU.ActiveCfg = Release|Any CPU
		{97323457-6DE2-4FEC-A876-89525AFC0714}.Release|Any CPU.Build.0 = Release|Any CPU
		{A79E1022-03D0-45BB-B01B-370FF815A539}.Debug|Any CPU.ActiveCfg = Debug|Any CPU
		{A79E1022-03D0-45BB-B01B-370FF815A539}.Debug|Any CPU.Build.0 = Debug|Any CPU
		{A79E1022-03D0-45BB-B01B-370FF815A539}.Release|Any CPU.ActiveCfg = Release|Any CPU
		{A79E1022-03D0-45BB-B01B-370FF815A539}.Release|Any CPU.Build.0 = Release|Any CPU
		{5CF3C23A-6FD9-466B-BCBB-42FE34F07C09}.Debug|Any CPU.ActiveCfg = Debug|Any CPU
		{5CF3C23A-6FD9-466B-BCBB-42FE34F07C09}.Debug|Any CPU.Build.0 = Debug|Any CPU
		{5CF3C23A-6FD9-466B-BCBB-42FE34F07C09}.Release|Any CPU.ActiveCfg = Release|Any CPU
		{5CF3C23A-6FD9-466B-BCBB-42FE34F07C09}.Release|Any CPU.Build.0 = Release|Any CPU
	EndGlobalSection
	GlobalSection(SolutionProperties) = preSolution
		HideSolutionNode = FALSE
	EndGlobalSection
	GlobalSection(NestedProjects) = preSolution
		{8E07FAD9-4E9E-4E00-910B-01E846ED75F7} = {A0F720C3-CEAC-49D5-937D-0787A8DC00FD}
		{7CDDE29F-6671-4E9B-AF0B-6FCD4C00CABA} = {F3419DBB-B068-48B3-90D1-79C43356A349}
		{10B775E0-19E7-449C-A058-61EDD664EBF5} = {A0F720C3-CEAC-49D5-937D-0787A8DC00FD}
		{5CF3C23A-6FD9-466B-BCBB-42FE34F07C09} = {A0F720C3-CEAC-49D5-937D-0787A8DC00FD}
	EndGlobalSection
	GlobalSection(ExtensibilityGlobals) = postSolution
		SolutionGuid = {6E752842-00C1-4618-8DDA-1A3908523399}
	EndGlobalSection
EndGlobal
